
Microsoft Visual Studio Solution File, Format Version 12.00
# Visual Studio Version 16
VisualStudioVersion = 16.0.36227.6
MinimumVisualStudioVersion = 10.0.40219.1
Project("{FAE04EC0-301F-11D3-BF4B-00C04F79EFBC}") = "MediTrackWebAPI", "MediTrackWebAPI.csproj", "{0B49FE1B-6151-46FD-B4F1-527D25584E86}"
EndProject
Global
	GlobalSection(SolutionConfigurationPlatforms) = preSolution
		Debug|Any CPU = Debug|Any CPU
		Release|Any CPU = Release|Any CPU
	EndGlobalSection
	GlobalSection(ProjectConfigurationPlatforms) = postSolution
		{0B49FE1B-6151-46FD-B4F1-527D25584E86}.Debug|Any CPU.ActiveCfg = Debug|Any CPU
		{0B49FE1B-6151-46FD-B4F1-527D25584E86}.Debug|Any CPU.Build.0 = Debug|Any CPU
		{0B49FE1B-6151-46FD-B4F1-527D25584E86}.Release|Any CPU.ActiveCfg = Release|Any CPU
		{0B49FE1B-6151-46FD-B4F1-527D25584E86}.Release|Any CPU.Build.0 = Release|Any CPU
	EndGlobalSection
	GlobalSection(SolutionProperties) = preSolution
		HideSolutionNode = FALSE
	EndGlobalSection
	GlobalSection(ExtensibilityGlobals) = postSolution
		SolutionGuid = {C4B25842-C437-4509-BA17-F493AFEB2201}
	EndGlobalSection
EndGlobal
